
Microsoft Visual Studio Solution File, Format Version 12.00
# Visual Studio 15
VisualStudioVersion = 15.0.28307.1145
MinimumVisualStudioVersion = 10.0.40219.1
Project("{FAE04EC0-301F-11D3-BF4B-00C04F79EFBC}") = "QLGV", "QLGV\QLGV.csproj", "{068EE63C-C5E5-4750-BE1B-C461C2C7503F}"
EndProject
Global
	GlobalSection(SolutionConfigurationPlatforms) = preSolution
		Debug|Any CPU = Debug|Any CPU
		Release|Any CPU = Release|Any CPU
	EndGlobalSection
	GlobalSection(ProjectConfigurationPlatforms) = postSolution
		{068EE63C-C5E5-4750-BE1B-C461C2C7503F}.Debug|Any CPU.ActiveCfg = Debug|Any CPU
		{068EE63C-C5E5-4750-BE1B-C461C2C7503F}.Debug|Any CPU.Build.0 = Debug|Any CPU
		{068EE63C-C5E5-4750-BE1B-C461C2C7503F}.Release|Any CPU.ActiveCfg = Release|Any CPU
		{068EE63C-C5E5-4750-BE1B-C461C2C7503F}.Release|Any CPU.Build.0 = Release|Any CPU
	EndGlobalSection
	GlobalSection(SolutionProperties) = preSolution
		HideSolutionNode = FALSE
	EndGlobalSection
	GlobalSection(ExtensibilityGlobals) = postSolution
		SolutionGuid = {E4CEDFC3-5235-4DF4-8E9C-5E2C08AEB598}
	EndGlobalSection
EndGlobal
